
Microsoft Visual Studio Solution File, Format Version 12.00
# Visual Studio Version 17
VisualStudioVersion = 17.5.002.0
MinimumVisualStudioVersion = 10.0.40219.1
Project("{9A19103F-16F7-4668-BE54-9A1E7A4F7556}") = "apisaude", "apisaude.csproj", "{3489BB9D-90B3-4888-BEE1-7CCC9294123D}"
EndProject
Global
	GlobalSection(SolutionConfigurationPlatforms) = preSolution
		Debug|Any CPU = Debug|Any CPU
		Release|Any CPU = Release|Any CPU
	EndGlobalSection
	GlobalSection(ProjectConfigurationPlatforms) = postSolution
		{3489BB9D-90B3-4888-BEE1-7CCC9294123D}.Debug|Any CPU.ActiveCfg = Debug|Any CPU
		{3489BB9D-90B3-4888-BEE1-7CCC9294123D}.Debug|Any CPU.Build.0 = Debug|Any CPU
		{3489BB9D-90B3-4888-BEE1-7CCC9294123D}.Release|Any CPU.ActiveCfg = Release|Any CPU
		{3489BB9D-90B3-4888-BEE1-7CCC9294123D}.Release|Any CPU.Build.0 = Release|Any CPU
	EndGlobalSection
	GlobalSection(SolutionProperties) = preSolution
		HideSolutionNode = FALSE
	EndGlobalSection
	GlobalSection(ExtensibilityGlobals) = postSolution
		SolutionGuid = {671D484D-3A4A-45BB-BDDC-C0873D898C30}
	EndGlobalSection
EndGlobal
